PODS:
  - Kingfisher (5.12.0):
    - Kingfisher/Core (= 5.12.0)
  - Kingfisher/Core (5.12.0)
  - Realm (4.3.0):
    - Realm/Headers (= 4.3.0)
  - Realm/Headers (4.3.0)
  - RealmSwift (4.3.0):
    - Realm (= 4.3.0)
  - Reusable (4.1.0):
    - Reusable/Storyboard (= 4.1.0)
    - Reusable/View (= 4.1.0)
  - Reusable/Storyboard (4.1.0)
  - Reusable/View (4.1.0)
  - SwiftDate (5.1.0)
  - SwiftGen (6.1.0)
  - SwiftLint (0.38.2)
  - SwiftyBeaver (1.8.4)
  - SwiftyUserDefaults (5.0.0)

DEPENDENCIES:
  - Kingfisher (~> 5.12)
  - RealmSwift (~> 4.3)
  - Reusable (~> 4.1)
  - SwiftDate (~> 5.1)
  - SwiftGen (~> 6.1)
  - SwiftLint (~> 0.38)
  - SwiftyBeaver (~> 1.8)
  - SwiftyUserDefaults (~> 5.0.0)

SPEC REPOS:
  https://cdn.cocoapods.org/:
    - Kingfisher
    - Realm
    - RealmSwift
    - Reusable
    - SwiftDate
    - SwiftGen
    - SwiftLint
    - SwiftyBeaver
    - SwiftyUserDefaults

SPEC CHECKSUMS:
  Kingfisher: dc6e0f53bb5b12c3e75bedb0e01bbd7a640eea69
  Realm: 9357c3589555793e1860a7104a7412bca4a48d99
  RealmSwift: 402f1e379a8ef82c635313037b043f0f06de880c
  Reusable: 82be188f29d96dc5eff0db7b2393bcc08d2cdd5b
  SwiftDate: 6329e58969a2de31cea7f1ee1143b247693196e7
  SwiftGen: f872ca75cbd17bf7103c17f13dcfa0d9a15667b0
  SwiftLint: 8f5d2f903e1c9bcbc832fd16771e80a263ac6cbb
  SwiftyBeaver: f9a9aba96a6a6166e21682377804d728b0d20b95
  SwiftyUserDefaults: 33fcb42bd1feb53a37d873feb62c82967db5f7f6

PODFILE CHECKSUM: 5befcdd24b728cfef94e264fc33a7336095f32fe

COCOAPODS: 1.8.4
